
Microsoft Visual Studio Solution File, Format Version 12.00
# Visual Studio 14
VisualStudioVersion = 14.0.25420.1
MinimumVisualStudioVersion = 10.0.40219.1
Project("{FAE04EC0-301F-11D3-BF4B-00C04F79EFBC}") = "Biblio", "Biblio\Biblio.csproj", "{EFCE121E-9E65-4C94-8B1D-F9770A8FDD26}"
EndProject
Project("{FAE04EC0-301F-11D3-BF4B-00C04F79EFBC}") = "Biblio.Tests", "Biblio.Tests\Biblio.Tests.csproj", "{B8FA5C43-9DFD-4DE6-A06C-D20B4E9872B1}"
EndProject
Global
	GlobalSection(SolutionConfigurationPlatforms) = preSolution
		Debug|Any CPU = Debug|Any CPU
		Release|Any CPU = Release|Any CPU
	EndGlobalSection
	GlobalSection(ProjectConfigurationPlatforms) = postSolution
		{EFCE121E-9E65-4C94-8B1D-F9770A8FDD26}.Debug|Any CPU.ActiveCfg = Debug|Any CPU
		{EFCE121E-9E65-4C94-8B1D-F9770A8FDD26}.Debug|Any CPU.Build.0 = Debug|Any CPU
		{EFCE121E-9E65-4C94-8B1D-F9770A8FDD26}.Release|Any CPU.ActiveCfg = Release|Any CPU
		{EFCE121E-9E65-4C94-8B1D-F9770A8FDD26}.Release|Any CPU.Build.0 = Release|Any CPU
		{B8FA5C43-9DFD-4DE6-A06C-D20B4E9872B1}.Debug|Any CPU.ActiveCfg = Debug|Any CPU
		{B8FA5C43-9DFD-4DE6-A06C-D20B4E9872B1}.Debug|Any CPU.Build.0 = Debug|Any CPU
		{B8FA5C43-9DFD-4DE6-A06C-D20B4E9872B1}.Release|Any CPU.ActiveCfg = Release|Any CPU
		{B8FA5C43-9DFD-4DE6-A06C-D20B4E9872B1}.Release|Any CPU.Build.0 = Release|Any CPU
	EndGlobalSection
	GlobalSection(SolutionProperties) = preSolution
		HideSolutionNode = FALSE
	EndGlobalSection
EndGlobal
